
Microsoft Visual Studio Solution File, Format Version 12.00
# Visual Studio Version 16
VisualStudioVersion = 16.0.31105.61
MinimumVisualStudioVersion = 10.0.40219.1
Project("{9A19103F-16F7-4668-BE54-9A1E7A4F7556}") = "WebApplication", "CitiesApi\WebApplication.csproj", "{C2BE1884-DD5B-422E-BDB5-78496CCFF6C1}"
EndProject
Project("{9A19103F-16F7-4668-BE54-9A1E7A4F7556}") = "DataAccess", "Infrastructure\DataAccess.csproj", "{FD1E6DC2-227B-4BBB-94CD-095A3623A743}"
EndProject
Project("{9A19103F-16F7-4668-BE54-9A1E7A4F7556}") = "BusinessLayer", "ApplicationCore\BusinessLayer.csproj", "{13194A20-5939-4AFC-8EBA-75C547B0AAB2}"
EndProject
Project("{2150E333-8FDC-42A3-9474-1A3956D46DE8}") = "Web", "Web", "{BF70D159-5004-494E-85F3-0AF97AB16209}"
EndProject
Project("{2150E333-8FDC-42A3-9474-1A3956D46DE8}") = "Infrastructure", "Infrastructure", "{71DAACCF-0C3F-4811-A105-F403052DD579}"
EndProject
Project("{2150E333-8FDC-42A3-9474-1A3956D46DE8}") = "Core", "Core", "{4B40CD0B-296A-4EEE-BB8D-D2B7748A37AD}"
EndProject
Project("{9A19103F-16F7-4668-BE54-9A1E7A4F7556}") = "ModelValidator", "ModelValidator\ModelValidator.csproj", "{7BB12A18-FEE5-4796-A80F-6504D07CD655}"
EndProject
Project("{2150E333-8FDC-42A3-9474-1A3956D46DE8}") = "Tests", "Tests", "{B54778B2-9D89-47D5-A722-378BDC6EF52C}"
EndProject
Project("{9A19103F-16F7-4668-BE54-9A1E7A4F7556}") = "ApiUnitTesting", "ApiUnitTesting\ApiUnitTesting.csproj", "{F5ED5B1F-236B-420B-BA1C-E1A7B8F66315}"
EndProject
Global
	GlobalSection(SolutionConfigurationPlatforms) = preSolution
		Debug|Any CPU = Debug|Any CPU
		Release|Any CPU = Release|Any CPU
	EndGlobalSection
	GlobalSection(ProjectConfigurationPlatforms) = postSolution
		{C2BE1884-DD5B-422E-BDB5-78496CCFF6C1}.Debug|Any CPU.ActiveCfg = Debug|Any CPU
		{C2BE1884-DD5B-422E-BDB5-78496CCFF6C1}.Debug|Any CPU.Build.0 = Debug|Any CPU
		{C2BE1884-DD5B-422E-BDB5-78496CCFF6C1}.Release|Any CPU.ActiveCfg = Release|Any CPU
		{C2BE1884-DD5B-422E-BDB5-78496CCFF6C1}.Release|Any CPU.Build.0 = Release|Any CPU
		{FD1E6DC2-227B-4BBB-94CD-095A3623A743}.Debug|Any CPU.ActiveCfg = Debug|Any CPU
		{FD1E6DC2-227B-4BBB-94CD-095A3623A743}.Debug|Any CPU.Build.0 = Debug|Any CPU
		{FD1E6DC2-227B-4BBB-94CD-095A3623A743}.Release|Any CPU.ActiveCfg = Release|Any CPU
		{FD1E6DC2-227B-4BBB-94CD-095A3623A743}.Release|Any CPU.Build.0 = Release|Any CPU
		{13194A20-5939-4AFC-8EBA-75C547B0AAB2}.Debug|Any CPU.ActiveCfg = Debug|Any CPU
		{13194A20-5939-4AFC-8EBA-75C547B0AAB2}.Debug|Any CPU.Build.0 = Debug|Any CPU
		{13194A20-5939-4AFC-8EBA-75C547B0AAB2}.Release|Any CPU.ActiveCfg = Release|Any CPU
		{13194A20-5939-4AFC-8EBA-75C547B0AAB2}.Release|Any CPU.Build.0 = Release|Any CPU
		{7BB12A18-FEE5-4796-A80F-6504D07CD655}.Debug|Any CPU.ActiveCfg = Debug|Any CPU
		{7BB12A18-FEE5-4796-A80F-6504D07CD655}.Debug|Any CPU.Build.0 = Debug|Any CPU
		{7BB12A18-FEE5-4796-A80F-6504D07CD655}.Release|Any CPU.ActiveCfg = Release|Any CPU
		{7BB12A18-FEE5-4796-A80F-6504D07CD655}.Release|Any CPU.Build.0 = Release|Any CPU
		{F5ED5B1F-236B-420B-BA1C-E1A7B8F66315}.Debug|Any CPU.ActiveCfg = Debug|Any CPU
		{F5ED5B1F-236B-420B-BA1C-E1A7B8F66315}.Debug|Any CPU.Build.0 = Debug|Any CPU
		{F5ED5B1F-236B-420B-BA1C-E1A7B8F66315}.Release|Any CPU.ActiveCfg = Release|Any CPU
		{F5ED5B1F-236B-420B-BA1C-E1A7B8F66315}.Release|Any CPU.Build.0 = Release|Any CPU
	EndGlobalSection
	GlobalSection(SolutionProperties) = preSolution
		HideSolutionNode = FALSE
	EndGlobalSection
	GlobalSection(NestedProjects) = preSolution
		{C2BE1884-DD5B-422E-BDB5-78496CCFF6C1} = {BF70D159-5004-494E-85F3-0AF97AB16209}
		{FD1E6DC2-227B-4BBB-94CD-095A3623A743} = {71DAACCF-0C3F-4811-A105-F403052DD579}
		{13194A20-5939-4AFC-8EBA-75C547B0AAB2} = {4B40CD0B-296A-4EEE-BB8D-D2B7748A37AD}
		{7BB12A18-FEE5-4796-A80F-6504D07CD655} = {71DAACCF-0C3F-4811-A105-F403052DD579}
		{F5ED5B1F-236B-420B-BA1C-E1A7B8F66315} = {B54778B2-9D89-47D5-A722-378BDC6EF52C}
	EndGlobalSection
	GlobalSection(ExtensibilityGlobals) = postSolution
		SolutionGuid = {6490B0AD-AE5F-44F7-9DA3-7C1511098C6A}
	EndGlobalSection
EndGlobal
